{
  "name": "@hackbox/client",
  "version": "0.1.0",
  "lockfileVersion": 3,
  "requires": true,
  "packages": {
    "": {
      "name": "@hackbox/client",
      "version": "0.1.0",
      "license": "ISC",
      "dependencies": {
        "partysocket": "^1.1.16"
      },
      "devDependencies": {
        "typescript": "^5.9.3"
      }
    },
    "node_modules/event-target-polyfill": {
      "version": "0.0.4",
      "resolved": "https://registry.npmjs.org/event-target-polyfill/-/event-target-polyfill-0.0.4.tgz",
      "integrity": "sha512-Gs6RLjzlLRdT8X9ZipJdIZI/Y6/HhRLyq9RdDlCsnpxr/+Nn6bU2EFGuC94GjxqhM+Nmij2Vcq98yoHrU8uNFQ==",
      "license": "MIT"
    },
    "node_modules/partysocket": {
      "version": "1.2.0",
      "resolved": "https://registry.npmjs.org/partysocket/-/partysocket-1.2.0.tgz",
      "integrity": "sha512-xgXql4N0b3umN263lHkrZMvvtYC906h4YjY8l63LNcF0x1bfJmQtZLQGqNQWzFHAxLns/6h6/rjdLW4EdYqQwA==",
      "license": "MIT",
      "dependencies": {
        "event-target-polyfill": "^0.0.4"
      },
      "peerDependencies": {
        "react": ">=17"
      },
      "peerDependenciesMeta": {
        "react": {
          "optional": true
        }
      }
    },
    "node_modules/typescript": {
      "version": "5.9.3",
      "resolved": "https://registry.npmjs.org/typescript/-/typescript-5.9.3.tgz",
      "integrity": "sha512-jl1vZzPDinLr9eUt3J/t7V6FgNEw9QjvBPdysz9KfQDD41fQrC2Y4vKQdiaUpFT4bXlb1RHhLpp8wtm6M5TgSw==",
      "dev": true,
      "license": "Apache-2.0",
      "bin": {
        "tsc": "bin/tsc",
        "tsserver": "bin/tsserver"
      },
      "engines": {
        "node": ">=14.17"
      }
    }
  }
}
